<?xml version="1.0" encoding="UTF-8"?>
<CodeBlocks_project_file>
	<FileVersion major="1" minor="6"/>
	<Project>
		<Option title="raytracer"/>
		<Option makefile_is_custom="1"/>
		<Option compiler="clang"/>
		<Option virtualFolders="CMake Files\;"/>
		<Build>
			<Target title="all">
				<Option working_dir="/home/kepler-br/Documents/Devel/CPP/raytracer"/>
				<Option type="4"/>
				<MakeCommands>
					<Build command="/usr/bin/make -f &quot;/home/kepler-br/Documents/Devel/CPP/raytracer/Makefile&quot;  VERBOSE=1 all"/>
					<CompileFile command="/usr/bin/make -f &quot;/home/kepler-br/Documents/Devel/CPP/raytracer/Makefile&quot;  VERBOSE=1 &quot;$file&quot;"/>
					<Clean command="/usr/bin/make -f &quot;/home/kepler-br/Documents/Devel/CPP/raytracer/Makefile&quot;  VERBOSE=1 clean"/>
					<DistClean command="/usr/bin/make -f &quot;/home/kepler-br/Documents/Devel/CPP/raytracer/Makefile&quot;  VERBOSE=1 clean"/>
				</MakeCommands>
			</Target>
			<Target title="rebuild_cache">
				<Option working_dir="/home/kepler-br/Documents/Devel/CPP/raytracer"/>
				<Option type="4"/>
				<MakeCommands>
					<Build command="/usr/bin/make -f &quot;/home/kepler-br/Documents/Devel/CPP/raytracer/Makefile&quot;  VERBOSE=1 rebuild_cache"/>
					<CompileFile command="/usr/bin/make -f &quot;/home/kepler-br/Documents/Devel/CPP/raytracer/Makefile&quot;  VERBOSE=1 &quot;$file&quot;"/>
					<Clean command="/usr/bin/make -f &quot;/home/kepler-br/Documents/Devel/CPP/raytracer/Makefile&quot;  VERBOSE=1 clean"/>
					<DistClean command="/usr/bin/make -f &quot;/home/kepler-br/Documents/Devel/CPP/raytracer/Makefile&quot;  VERBOSE=1 clean"/>
				</MakeCommands>
			</Target>
			<Target title="edit_cache">
				<Option working_dir="/home/kepler-br/Documents/Devel/CPP/raytracer"/>
				<Option type="4"/>
				<MakeCommands>
					<Build command="/usr/bin/make -f &quot;/home/kepler-br/Documents/Devel/CPP/raytracer/Makefile&quot;  VERBOSE=1 edit_cache"/>
					<CompileFile command="/usr/bin/make -f &quot;/home/kepler-br/Documents/Devel/CPP/raytracer/Makefile&quot;  VERBOSE=1 &quot;$file&quot;"/>
					<Clean command="/usr/bin/make -f &quot;/home/kepler-br/Documents/Devel/CPP/raytracer/Makefile&quot;  VERBOSE=1 clean"/>
					<DistClean command="/usr/bin/make -f &quot;/home/kepler-br/Documents/Devel/CPP/raytracer/Makefile&quot;  VERBOSE=1 clean"/>
				</MakeCommands>
			</Target>
			<Target title="raytracer">
				<Option output="/home/kepler-br/Documents/Devel/CPP/raytracer/raytracer" prefix_auto="0" extension_auto="0"/>
				<Option working_dir="/home/kepler-br/Documents/Devel/CPP/raytracer"/>
				<Option object_output="./"/>
				<Option type="1"/>
				<Option compiler="clang"/>
				<Compiler>
					<Add directory="/home/kepler-br/.brew/Cellar/sdl2/2.0.12_1/include"/>
					<Add directory="/usr/include/SDL"/>
					<Add directory="/home/kepler-br/Documents/Devel/CPP/raytracer/double_linked_list/includes"/>
					<Add directory="/home/kepler-br/Documents/Devel/CPP/raytracer/c_linear_algebra/includes"/>
					<Add directory="/home/kepler-br/Documents/Devel/CPP/raytracer/libft"/>
				</Compiler>
				<MakeCommands>
					<Build command="/usr/bin/make -f &quot;/home/kepler-br/Documents/Devel/CPP/raytracer/Makefile&quot;  VERBOSE=1 raytracer"/>
					<CompileFile command="/usr/bin/make -f &quot;/home/kepler-br/Documents/Devel/CPP/raytracer/Makefile&quot;  VERBOSE=1 &quot;$file&quot;"/>
					<Clean command="/usr/bin/make -f &quot;/home/kepler-br/Documents/Devel/CPP/raytracer/Makefile&quot;  VERBOSE=1 clean"/>
					<DistClean command="/usr/bin/make -f &quot;/home/kepler-br/Documents/Devel/CPP/raytracer/Makefile&quot;  VERBOSE=1 clean"/>
				</MakeCommands>
			</Target>
			<Target title="raytracer/fast">
				<Option output="/home/kepler-br/Documents/Devel/CPP/raytracer/raytracer" prefix_auto="0" extension_auto="0"/>
				<Option working_dir="/home/kepler-br/Documents/Devel/CPP/raytracer"/>
				<Option object_output="./"/>
				<Option type="1"/>
				<Option compiler="clang"/>
				<Compiler>
					<Add directory="/home/kepler-br/.brew/Cellar/sdl2/2.0.12_1/include"/>
					<Add directory="/usr/include/SDL"/>
					<Add directory="/home/kepler-br/Documents/Devel/CPP/raytracer/double_linked_list/includes"/>
					<Add directory="/home/kepler-br/Documents/Devel/CPP/raytracer/c_linear_algebra/includes"/>
					<Add directory="/home/kepler-br/Documents/Devel/CPP/raytracer/libft"/>
				</Compiler>
				<MakeCommands>
					<Build command="/usr/bin/make -f &quot;/home/kepler-br/Documents/Devel/CPP/raytracer/Makefile&quot;  VERBOSE=1 raytracer/fast"/>
					<CompileFile command="/usr/bin/make -f &quot;/home/kepler-br/Documents/Devel/CPP/raytracer/Makefile&quot;  VERBOSE=1 &quot;$file&quot;"/>
					<Clean command="/usr/bin/make -f &quot;/home/kepler-br/Documents/Devel/CPP/raytracer/Makefile&quot;  VERBOSE=1 clean"/>
					<DistClean command="/usr/bin/make -f &quot;/home/kepler-br/Documents/Devel/CPP/raytracer/Makefile&quot;  VERBOSE=1 clean"/>
				</MakeCommands>
			</Target>
		</Build>
		<Unit filename="/home/kepler-br/Documents/Devel/CPP/raytracer/camera.c">
			<Option target="raytracer"/>
		</Unit>
		<Unit filename="/home/kepler-br/Documents/Devel/CPP/raytracer/camera.h">
			<Option target="raytracer"/>
		</Unit>
		<Unit filename="/home/kepler-br/Documents/Devel/CPP/raytracer/check_timer.c">
			<Option target="raytracer"/>
		</Unit>
		<Unit filename="/home/kepler-br/Documents/Devel/CPP/raytracer/check_timer.h">
			<Option target="raytracer"/>
		</Unit>
		<Unit filename="/home/kepler-br/Documents/Devel/CPP/raytracer/color.c">
			<Option target="raytracer"/>
		</Unit>
		<Unit filename="/home/kepler-br/Documents/Devel/CPP/raytracer/color.h">
			<Option target="raytracer"/>
		</Unit>
		<Unit filename="/home/kepler-br/Documents/Devel/CPP/raytracer/framebuffer.c">
			<Option target="raytracer"/>
		</Unit>
		<Unit filename="/home/kepler-br/Documents/Devel/CPP/raytracer/framebuffer.h">
			<Option target="raytracer"/>
		</Unit>
		<Unit filename="/home/kepler-br/Documents/Devel/CPP/raytracer/input_manager.c">
			<Option target="raytracer"/>
		</Unit>
		<Unit filename="/home/kepler-br/Documents/Devel/CPP/raytracer/input_manager.h">
			<Option target="raytracer"/>
		</Unit>
		<Unit filename="/home/kepler-br/Documents/Devel/CPP/raytracer/main.c">
			<Option target="raytracer"/>
		</Unit>
		<Unit filename="/home/kepler-br/Documents/Devel/CPP/raytracer/mainloop.c">
			<Option target="raytracer"/>
		</Unit>
		<Unit filename="/home/kepler-br/Documents/Devel/CPP/raytracer/mainloop.h">
			<Option target="raytracer"/>
		</Unit>
		<Unit filename="/home/kepler-br/Documents/Devel/CPP/raytracer/point_light.h">
			<Option target="raytracer"/>
		</Unit>
		<Unit filename="/home/kepler-br/Documents/Devel/CPP/raytracer/ray.c">
			<Option target="raytracer"/>
		</Unit>
		<Unit filename="/home/kepler-br/Documents/Devel/CPP/raytracer/ray.h">
			<Option target="raytracer"/>
		</Unit>
		<Unit filename="/home/kepler-br/Documents/Devel/CPP/raytracer/render_mask.c">
			<Option target="raytracer"/>
		</Unit>
		<Unit filename="/home/kepler-br/Documents/Devel/CPP/raytracer/render_mask.h">
			<Option target="raytracer"/>
		</Unit>
		<Unit filename="/home/kepler-br/Documents/Devel/CPP/raytracer/scene.c">
			<Option target="raytracer"/>
		</Unit>
		<Unit filename="/home/kepler-br/Documents/Devel/CPP/raytracer/scene.h">
			<Option target="raytracer"/>
		</Unit>
		<Unit filename="/home/kepler-br/Documents/Devel/CPP/raytracer/sdl_instance.c">
			<Option target="raytracer"/>
		</Unit>
		<Unit filename="/home/kepler-br/Documents/Devel/CPP/raytracer/sdl_instance.h">
			<Option target="raytracer"/>
		</Unit>
		<Unit filename="/home/kepler-br/Documents/Devel/CPP/raytracer/shape.c">
			<Option target="raytracer"/>
		</Unit>
		<Unit filename="/home/kepler-br/Documents/Devel/CPP/raytracer/shape.h">
			<Option target="raytracer"/>
		</Unit>
		<Unit filename="/home/kepler-br/Documents/Devel/CPP/raytracer/CMakeLists.txt">
			<Option virtualFolder="CMake Files\"/>
		</Unit>
	</Project>
</CodeBlocks_project_file>
